
Microsoft Visual Studio Solution File, Format Version 12.00
# Visual Studio Version 17
VisualStudioVersion = 17.3.32922.545
MinimumVisualStudioVersion = 10.0.40219.1
Project("{FAE04EC0-301F-11D3-BF4B-00C04F79EFBC}") = "OnlineShopMvc", "OnlineShopMvc\OnlineShopMvc.csproj", "{9EEEA528-47D2-44F7-B97B-7F25E549AE06}"
EndProject
Project("{2150E333-8FDC-42A3-9474-1A3956D46DE8}") = "Application", "Application", "{6E821A71-744B-4EA3-855A-7762DC8545EE}"
EndProject
Project("{FAE04EC0-301F-11D3-BF4B-00C04F79EFBC}") = "OnlineShopMvc.App", "OnlineShopMvc.App\OnlineShopMvc.App.csproj", "{CD7DEB55-37C6-4138-A74F-DEC10F11AA42}"
EndProject
Project("{2150E333-8FDC-42A3-9474-1A3956D46DE8}") = "UI", "UI", "{7B974700-60CD-42D2-8B78-109A804220AD}"
EndProject
Project("{2150E333-8FDC-42A3-9474-1A3956D46DE8}") = "Domain", "Domain", "{DF06AAF9-4568-4924-B6BB-2DF2065D0B42}"
EndProject
Project("{FAE04EC0-301F-11D3-BF4B-00C04F79EFBC}") = "OnlineShopMvc.Domain", "OnlineShopMvc.Domain\OnlineShopMvc.Domain.csproj", "{B75CFEA5-E27D-4BF3-9C8E-F7CBE1DCF96A}"
EndProject
Project("{2150E333-8FDC-42A3-9474-1A3956D46DE8}") = "Infrastructure", "Infrastructure", "{8108C0D9-3887-4D88-A932-468C57B05FA5}"
EndProject
Project("{FAE04EC0-301F-11D3-BF4B-00C04F79EFBC}") = "OnlineShopMvc.Inf", "OnlineShopMvc.Inf\OnlineShopMvc.Inf.csproj", "{E543791B-2F73-4516-B2D3-926F7C386031}"
EndProject
Project("{2150E333-8FDC-42A3-9474-1A3956D46DE8}") = "Test", "Test", "{8C531C89-BCA5-4833-8DE4-17FDA0B8FAFD}"
EndProject
Project("{F2A71F9B-5D33-465A-A702-920D77279786}") = "OnlineShopMvc.Test", "OnlineShopMvc.Test\OnlineShopMvc.Test.fsproj", "{2881A9D3-65CB-42DC-BA24-C7551D3363D4}"
EndProject
Global
	GlobalSection(SolutionConfigurationPlatforms) = preSolution
		Debug|Any CPU = Debug|Any CPU
		Release|Any CPU = Release|Any CPU
	EndGlobalSection
	GlobalSection(ProjectConfigurationPlatforms) = postSolution
		{9EEEA528-47D2-44F7-B97B-7F25E549AE06}.Debug|Any CPU.ActiveCfg = Debug|Any CPU
		{9EEEA528-47D2-44F7-B97B-7F25E549AE06}.Debug|Any CPU.Build.0 = Debug|Any CPU
		{9EEEA528-47D2-44F7-B97B-7F25E549AE06}.Release|Any CPU.ActiveCfg = Release|Any CPU
		{9EEEA528-47D2-44F7-B97B-7F25E549AE06}.Release|Any CPU.Build.0 = Release|Any CPU
		{CD7DEB55-37C6-4138-A74F-DEC10F11AA42}.Debug|Any CPU.ActiveCfg = Debug|Any CPU
		{CD7DEB55-37C6-4138-A74F-DEC10F11AA42}.Debug|Any CPU.Build.0 = Debug|Any CPU
		{CD7DEB55-37C6-4138-A74F-DEC10F11AA42}.Release|Any CPU.ActiveCfg = Release|Any CPU
		{CD7DEB55-37C6-4138-A74F-DEC10F11AA42}.Release|Any CPU.Build.0 = Release|Any CPU
		{B75CFEA5-E27D-4BF3-9C8E-F7CBE1DCF96A}.Debug|Any CPU.ActiveCfg = Debug|Any CPU
		{B75CFEA5-E27D-4BF3-9C8E-F7CBE1DCF96A}.Debug|Any CPU.Build.0 = Debug|Any CPU
		{B75CFEA5-E27D-4BF3-9C8E-F7CBE1DCF96A}.Release|Any CPU.ActiveCfg = Release|Any CPU
		{B75CFEA5-E27D-4BF3-9C8E-F7CBE1DCF96A}.Release|Any CPU.Build.0 = Release|Any CPU
		{E543791B-2F73-4516-B2D3-926F7C386031}.Debug|Any CPU.ActiveCfg = Debug|Any CPU
		{E543791B-2F73-4516-B2D3-926F7C386031}.Debug|Any CPU.Build.0 = Debug|Any CPU
		{E543791B-2F73-4516-B2D3-926F7C386031}.Release|Any CPU.ActiveCfg = Release|Any CPU
		{E543791B-2F73-4516-B2D3-926F7C386031}.Release|Any CPU.Build.0 = Release|Any CPU
		{2881A9D3-65CB-42DC-BA24-C7551D3363D4}.Debug|Any CPU.ActiveCfg = Debug|Any CPU
		{2881A9D3-65CB-42DC-BA24-C7551D3363D4}.Debug|Any CPU.Build.0 = Debug|Any CPU
		{2881A9D3-65CB-42DC-BA24-C7551D3363D4}.Release|Any CPU.ActiveCfg = Release|Any CPU
		{2881A9D3-65CB-42DC-BA24-C7551D3363D4}.Release|Any CPU.Build.0 = Release|Any CPU
	EndGlobalSection
	GlobalSection(SolutionProperties) = preSolution
		HideSolutionNode = FALSE
	EndGlobalSection
	GlobalSection(NestedProjects) = preSolution
		{9EEEA528-47D2-44F7-B97B-7F25E549AE06} = {7B974700-60CD-42D2-8B78-109A804220AD}
		{CD7DEB55-37C6-4138-A74F-DEC10F11AA42} = {6E821A71-744B-4EA3-855A-7762DC8545EE}
		{B75CFEA5-E27D-4BF3-9C8E-F7CBE1DCF96A} = {DF06AAF9-4568-4924-B6BB-2DF2065D0B42}
		{E543791B-2F73-4516-B2D3-926F7C386031} = {8108C0D9-3887-4D88-A932-468C57B05FA5}
		{2881A9D3-65CB-42DC-BA24-C7551D3363D4} = {8C531C89-BCA5-4833-8DE4-17FDA0B8FAFD}
	EndGlobalSection
	GlobalSection(ExtensibilityGlobals) = postSolution
		SolutionGuid = {EE32401D-E03F-416F-97EB-3A0128B1B911}
	EndGlobalSection
EndGlobal
